
Microsoft Visual Studio Solution File, Format Version 12.00
# Visual Studio Version 16
VisualStudioVersion = 16.0.29728.190
MinimumVisualStudioVersion = 10.0.40219.1
Project("{9A19103F-16F7-4668-BE54-9A1E7A4F7556}") = "Nager.Country", "Nager.Country\Nager.Country.csproj", "{E24C2320-38EB-446E-9CD3-923F90AD6824}"
EndProject
Project("{9A19103F-16F7-4668-BE54-9A1E7A4F7556}") = "Nager.Country.UnitTest", "Nager.Country.UnitTest\Nager.Country.UnitTest.csproj", "{672EBF88-48E5-4F5E-AA70-6B123071AF2D}"
EndProject
Project("{9A19103F-16F7-4668-BE54-9A1E7A4F7556}") = "Nager.Country.Export", "Nager.Country.Export\Nager.Country.Export.csproj", "{11895598-7D9B-4E42-86AA-3543EB06A79A}"
EndProject
Project("{9A19103F-16F7-4668-BE54-9A1E7A4F7556}") = "Nager.Country.Translation", "Nager.Country.Translation\Nager.Country.Translation.csproj", "{B72F1FD6-FDCB-4ACC-9B67-4A9CF8C02D34}"
EndProject
Global
	GlobalSection(SolutionConfigurationPlatforms) = preSolution
		Debug|Any CPU = Debug|Any CPU
		Release|Any CPU = Release|Any CPU
	EndGlobalSection
	GlobalSection(ProjectConfigurationPlatforms) = postSolution
		{E24C2320-38EB-446E-9CD3-923F90AD6824}.Debug|Any CPU.ActiveCfg = Debug|Any CPU
		{E24C2320-38EB-446E-9CD3-923F90AD6824}.Debug|Any CPU.Build.0 = Debug|Any CPU
		{E24C2320-38EB-446E-9CD3-923F90AD6824}.Release|Any CPU.ActiveCfg = Release|Any CPU
		{E24C2320-38EB-446E-9CD3-923F90AD6824}.Release|Any CPU.Build.0 = Release|Any CPU
		{672EBF88-48E5-4F5E-AA70-6B123071AF2D}.Debug|Any CPU.ActiveCfg = Debug|Any CPU
		{672EBF88-48E5-4F5E-AA70-6B123071AF2D}.Debug|Any CPU.Build.0 = Debug|Any CPU
		{672EBF88-48E5-4F5E-AA70-6B123071AF2D}.Release|Any CPU.ActiveCfg = Release|Any CPU
		{672EBF88-48E5-4F5E-AA70-6B123071AF2D}.Release|Any CPU.Build.0 = Release|Any CPU
		{11895598-7D9B-4E42-86AA-3543EB06A79A}.Debug|Any CPU.ActiveCfg = Debug|Any CPU
		{11895598-7D9B-4E42-86AA-3543EB06A79A}.Debug|Any CPU.Build.0 = Debug|Any CPU
		{11895598-7D9B-4E42-86AA-3543EB06A79A}.Release|Any CPU.ActiveCfg = Release|Any CPU
		{11895598-7D9B-4E42-86AA-3543EB06A79A}.Release|Any CPU.Build.0 = Release|Any CPU
		{B72F1FD6-FDCB-4ACC-9B67-4A9CF8C02D34}.Debug|Any CPU.ActiveCfg = Debug|Any CPU
		{B72F1FD6-FDCB-4ACC-9B67-4A9CF8C02D34}.Debug|Any CPU.Build.0 = Debug|Any CPU
		{B72F1FD6-FDCB-4ACC-9B67-4A9CF8C02D34}.Release|Any CPU.ActiveCfg = Release|Any CPU
		{B72F1FD6-FDCB-4ACC-9B67-4A9CF8C02D34}.Release|Any CPU.Build.0 = Release|Any CPU
	EndGlobalSection
	GlobalSection(SolutionProperties) = preSolution
		HideSolutionNode = FALSE
	EndGlobalSection
	GlobalSection(ExtensibilityGlobals) = postSolution
		SolutionGuid = {4B6266AD-1B76-4AA5-BC81-14593E0A36F9}
	EndGlobalSection
EndGlobal
